
Microsoft Visual Studio Solution File, Format Version 12.00
# Visual Studio Version 17
VisualStudioVersion = 17.10.35027.167
MinimumVisualStudioVersion = 10.0.40219.1
Project("{8BC9CEB8-8B4A-11D0-8D11-00A0C91BC942}") = "EjercicioLibros", "EjercicioLibros\EjercicioLibros.vcxproj", "{B38B8429-FDC9-4B91-8FB4-6772E8586556}"
EndProject
Global
	GlobalSection(SolutionConfigurationPlatforms) = preSolution
		Debug|x64 = Debug|x64
		Debug|x86 = Debug|x86
		Release|x64 = Release|x64
		Release|x86 = Release|x86
	EndGlobalSection
	GlobalSection(ProjectConfigurationPlatforms) = postSolution
		{B38B8429-FDC9-4B91-8FB4-6772E8586556}.Debug|x64.ActiveCfg = Debug|x64
		{B38B8429-FDC9-4B91-8FB4-6772E8586556}.Debug|x64.Build.0 = Debug|x64
		{B38B8429-FDC9-4B91-8FB4-6772E8586556}.Debug|x86.ActiveCfg = Debug|Win32
		{B38B8429-FDC9-4B91-8FB4-6772E8586556}.Debug|x86.Build.0 = Debug|Win32
		{B38B8429-FDC9-4B91-8FB4-6772E8586556}.Release|x64.ActiveCfg = Release|x64
		{B38B8429-FDC9-4B91-8FB4-6772E8586556}.Release|x64.Build.0 = Release|x64
		{B38B8429-FDC9-4B91-8FB4-6772E8586556}.Release|x86.ActiveCfg = Release|Win32
		{B38B8429-FDC9-4B91-8FB4-6772E8586556}.Release|x86.Build.0 = Release|Win32
	EndGlobalSection
	GlobalSection(SolutionProperties) = preSolution
		HideSolutionNode = FALSE
	EndGlobalSection
	GlobalSection(ExtensibilityGlobals) = postSolution
		SolutionGuid = {F865DA62-0E11-4374-8B61-37960A1A313B}
	EndGlobalSection
EndGlobal
